version = 1
revision = 3
requires-python = "==3.12.*"

[[package]]
name = "lz4"
version = "4.4.5"
source = { registry = "https://pypi.org/simple" }
sdist = { url = "https://files.pythonhosted.org/packages/57/51/f1b86d93029f418033dddf9b9f79c8d2641e7454080478ee2aab5123173e/lz4-4.4.5.tar.gz", hash = "sha256:5f0b9e53c1e82e88c10d7c180069363980136b9d7a8306c4dca4f760d60c39f0", size = 172886, upload-time = "2025-11-03T13:02:36.061Z" }
wheels = [
    { url = "https://files.pythonhosted.org/packages/1b/ac/016e4f6de37d806f7cc8f13add0a46c9a7cfc41a5ddc2bc831d7954cf1ce/lz4-4.4.5-cp312-cp312-macosx_10_13_x86_64.whl", hash = "sha256:df5aa4cead2044bab83e0ebae56e0944cc7fcc1505c7787e9e1057d6d549897e", size = 207163, upload-time = "2025-11-03T13:01:45.895Z" },
    { url = "https://files.pythonhosted.org/packages/8d/df/0fadac6e5bd31b6f34a1a8dbd4db6a7606e70715387c27368586455b7fc9/lz4-4.4.5-cp312-cp312-macosx_11_0_arm64.whl", hash = "sha256:6d0bf51e7745484d2092b3a51ae6eb58c3bd3ce0300cf2b2c14f76c536d5697a", size = 207150, upload-time = "2025-11-03T13:01:47.205Z" },
    { url = "https://files.pythonhosted.org/packages/b7/17/34e36cc49bb16ca73fb57fbd4c5eaa61760c6b64bce91fcb4e0f4a97f852/lz4-4.4.5-cp312-cp312-manylinux1_i686.manylinux_2_28_i686.manylinux_2_5_i686.whl", hash = "sha256:7b62f94b523c251cf32aa4ab555f14d39bd1a9df385b72443fd76d7c7fb051f5", size = 1292045, upload-time = "2025-11-03T13:01:48.667Z" },
    { url = "https://files.pythonhosted.org/packages/90/1c/b1d8e3741e9fc89ed3b5f7ef5f22586c07ed6bb04e8343c2e98f0fa7ff04/lz4-4.4.5-cp312-cp312-manylinux2014_aarch64.manylinux_2_17_aarch64.manylinux_2_28_aarch64.whl", hash = "sha256:2c3ea562c3af274264444819ae9b14dbbf1ab070aff214a05e97db6896c7597e", size = 1279546, upload-time = "2025-11-03T13:01:50.159Z" },
    { url = "https://files.pythonhosted.org/packages/55/d9/e3867222474f6c1b76e89f3bd914595af69f55bf2c1866e984c548afdc15/lz4-4.4.5-cp312-cp312-manylinux2014_x86_64.manylinux_2_17_x86_64.manylinux_2_28_x86_64.whl", hash = "sha256:24092635f47538b392c4eaeff14c7270d2c8e806bf4be2a6446a378591c5e69e", size = 1368249, upload-time = "2025-11-03T13:01:51.273Z" },
    { url = "https://files.pythonhosted.org/packages/b2/e7/d667d337367686311c38b580d1ca3d5a23a6617e129f26becd4f5dc458df/lz4-4.4.5-cp312-cp312-win32.whl", hash = "sha256:214e37cfe270948ea7eb777229e211c601a3e0875541c1035ab408fbceaddf50", size = 88189, upload-time = "2025-11-03T13:01:52.605Z" },
    { url = "https://files.pythonhosted.org/packages/a5/0b/a54cd7406995ab097fceb907c7eb13a6ddd49e0b231e448f1a81a50af65c/lz4-4.4.5-cp312-cp312-win_amd64.whl", hash = "sha256:713a777de88a73425cf08eb11f742cd2c98628e79a8673d6a52e3c5f0c116f33", size = 99497, upload-time = "2025-11-03T13:01:53.477Z" },
    { url = "https://files.pythonhosted.org/packages/6a/7e/dc28a952e4bfa32ca16fa2eb026e7a6ce5d1411fcd5986cd08c74ec187b9/lz4-4.4.5-cp312-cp312-win_arm64.whl", hash = "sha256:a88cbb729cc333334ccfb52f070463c21560fca63afcf636a9f160a55fac3301", size = 91279, upload-time = "2025-11-03T13:01:54.419Z" },
]

[[package]]
name = "pokemon-bd-hidden-moves-tools"
version = "0.1.0"
source = { virtual = "." }
dependencies = [
    { name = "lz4" },
]

[package.metadata]
requires-dist = [{ name = "lz4", specifier = "==4.4.5" }]
